// !$*UTF8*$!
{
	archiveVersion = 1;
	classes = {
	};
	objectVersion = 55;
	objects = {

/* Begin PBXBuildFile section */
		8327E6522894EDB900490D07 /* PokemonCardDetailViewController.swift in Sources */ = {isa = PBXBuildFile; fileRef = 8327E6512894EDB900490D07 /* PokemonCardDetailViewController.swift */; };
		833C438B28937DCE00E9ABC4 /* PokemonCardErrorCell.swift in Sources */ = {isa = PBXBuildFile; fileRef = 833C438A28937DCE00E9ABC4 /* PokemonCardErrorCell.swift */; };
		8342019528965E6A00237C54 /* PokemonCardListViewControllerTest.swift in Sources */ = {isa = PBXBuildFile; fileRef = 8342019428965E6A00237C54 /* PokemonCardListViewControllerTest.swift */; };
		8342019728966F1100237C54 /* PokemonCardListInteractorAdapterTest.swift in Sources */ = {isa = PBXBuildFile; fileRef = 8342019628966F1100237C54 /* PokemonCardListInteractorAdapterTest.swift */; };
		8342019A28966FA200237C54 /* PokemonCardViewModel+Mock.swift in Sources */ = {isa = PBXBuildFile; fileRef = 8342019928966FA200237C54 /* PokemonCardViewModel+Mock.swift */; };
		8342019C28966FD100237C54 /* NetworkServiceSpy.swift in Sources */ = {isa = PBXBuildFile; fileRef = 8342019B28966FD100237C54 /* NetworkServiceSpy.swift */; };
		8342019F289673DA00237C54 /* GetPokemonUseCaseTest.swift in Sources */ = {isa = PBXBuildFile; fileRef = 8342019E289673DA00237C54 /* GetPokemonUseCaseTest.swift */; };
		834201A128967AD600237C54 /* PokemonResponse+Mock.swift in Sources */ = {isa = PBXBuildFile; fileRef = 834201A028967AD600237C54 /* PokemonResponse+Mock.swift */; };
		8363C4C52893C6E70034951A /* FooterLoadingView.swift in Sources */ = {isa = PBXBuildFile; fileRef = 8363C4C42893C6E70034951A /* FooterLoadingView.swift */; };
		83AD2F112892DA470026240A /* Kingfisher in Frameworks */ = {isa = PBXBuildFile; productRef = 83AD2F102892DA470026240A /* Kingfisher */; };
		83AD2F142892DBD00026240A /* PokemonResponse.swift in Sources */ = {isa = PBXBuildFile; fileRef = 83AD2F132892DBD00026240A /* PokemonResponse.swift */; };
		83AD2F1B2892DC400026240A /* GetPokemonUseCase.swift in Sources */ = {isa = PBXBuildFile; fileRef = 83AD2F1A2892DC400026240A /* GetPokemonUseCase.swift */; };
		83AD2F1E2892DC600026240A /* PokemonCardCell.swift in Sources */ = {isa = PBXBuildFile; fileRef = 83AD2F1D2892DC600026240A /* PokemonCardCell.swift */; };
		83AD2F252892DFDA0026240A /* PokemonCardListInteractor.swift in Sources */ = {isa = PBXBuildFile; fileRef = 83AD2F242892DFDA0026240A /* PokemonCardListInteractor.swift */; };
		83AD2F272892E1A10026240A /* PokemonSkeletonCell.swift in Sources */ = {isa = PBXBuildFile; fileRef = 83AD2F262892E1A10026240A /* PokemonSkeletonCell.swift */; };
		83AD2F2B2892E7150026240A /* UIView+Shimmer.swift in Sources */ = {isa = PBXBuildFile; fileRef = 83AD2F2A2892E7150026240A /* UIView+Shimmer.swift */; };
		83BF5060289231E400140A89 /* AppDelegate.swift in Sources */ = {isa = PBXBuildFile; fileRef = 83BF505F289231E400140A89 /* AppDelegate.swift */; };
		83BF5064289231E400140A89 /* PokemonCardListViewController.swift in Sources */ = {isa = PBXBuildFile; fileRef = 83BF5063289231E400140A89 /* PokemonCardListViewController.swift */; };
		83BF5069289231E400140A89 /* Assets.xcassets in Resources */ = {isa = PBXBuildFile; fileRef = 83BF5068289231E400140A89 /* Assets.xcassets */; };
		83BF506C289231E400140A89 /* LaunchScreen.storyboard in Resources */ = {isa = PBXBuildFile; fileRef = 83BF506A289231E400140A89 /* LaunchScreen.storyboard */; };
		83BF5077289231E400140A89 /* PokemonAppTests.swift in Sources */ = {isa = PBXBuildFile; fileRef = 83BF5076289231E400140A89 /* PokemonAppTests.swift */; };
		83BF5081289231E400140A89 /* PokemonAppUITests.swift in Sources */ = {isa = PBXBuildFile; fileRef = 83BF5080289231E400140A89 /* PokemonAppUITests.swift */; };
		83BF5083289231E400140A89 /* PokemonAppUITestsLaunchTests.swift in Sources */ = {isa = PBXBuildFile; fileRef = 83BF5082289231E400140A89 /* PokemonAppUITestsLaunchTests.swift */; };
		83BF5092289244F400140A89 /* UseCase.swift in Sources */ = {isa = PBXBuildFile; fileRef = 83BF5091289244F400140A89 /* UseCase.swift */; };
		83BF50942892459300140A89 /* NetworkService.swift in Sources */ = {isa = PBXBuildFile; fileRef = 83BF50932892459300140A89 /* NetworkService.swift */; };
		83FD89542894FD0A00385256 /* PokemonCardDetailCell.swift in Sources */ = {isa = PBXBuildFile; fileRef = 83FD89532894FD0A00385256 /* PokemonCardDetailCell.swift */; };
		83FD89572895021900385256 /* PokemonCardDetailInteractor.swift in Sources */ = {isa = PBXBuildFile; fileRef = 83FD89562895021900385256 /* PokemonCardDetailInteractor.swift */; };
		83FD895B2895060400385256 /* PokemonCardViewModel.swift in Sources */ = {isa = PBXBuildFile; fileRef = 83FD895A2895060400385256 /* PokemonCardViewModel.swift */; };
		83FD895E28950F5F00385256 /* PokemonCardDetailViewModel.swift in Sources */ = {isa = PBXBuildFile; fileRef = 83FD895D28950F5F00385256 /* PokemonCardDetailViewModel.swift */; };
		83FD89602895161900385256 /* PokemonImageViewController.swift in Sources */ = {isa = PBXBuildFile; fileRef = 83FD895F2895161900385256 /* PokemonImageViewController.swift */; };
		83FD89622895687900385256 /* PokemonEmptyCell.swift in Sources */ = {isa = PBXBuildFile; fileRef = 83FD89612895687900385256 /* PokemonEmptyCell.swift */; };
		83FD896528956C1D00385256 /* PokemonFlow.swift in Sources */ = {isa = PBXBuildFile; fileRef = 83FD896428956C1D00385256 /* PokemonFlow.swift */; };
		83FD896728956C3700385256 /* Router.swift in Sources */ = {isa = PBXBuildFile; fileRef = 83FD896628956C3600385256 /* Router.swift */; };
		83FD896928956CBE00385256 /* ViewControllerFactory.swift in Sources */ = {isa = PBXBuildFile; fileRef = 83FD896828956CBE00385256 /* ViewControllerFactory.swift */; };
/* End PBXBuildFile section */

/* Begin PBXContainerItemProxy section */
		83BF5073289231E400140A89 /* PBXContainerItemProxy */ = {
			isa = PBXContainerItemProxy;
			containerPortal = 83BF5054289231E300140A89 /* Project object */;
			proxyType = 1;
			remoteGlobalIDString = 83BF505B289231E400140A89;
			remoteInfo = PokemonApp;
		};
		83BF507D289231E400140A89 /* PBXContainerItemProxy */ = {
			isa = PBXContainerItemProxy;
			containerPortal = 83BF5054289231E300140A89 /* Project object */;
			proxyType = 1;
			remoteGlobalIDString = 83BF505B289231E400140A89;
			remoteInfo = PokemonApp;
		};
/* End PBXContainerItemProxy section */

/* Begin PBXFileReference section */
		8327E6512894EDB900490D07 /* PokemonCardDetailViewController.swift */ = {isa = PBXFileReference; lastKnownFileType = sourcecode.swift; path = PokemonCardDetailViewController.swift; sourceTree = "<group>"; };
		833C438A28937DCE00E9ABC4 /* PokemonCardErrorCell.swift */ = {isa = PBXFileReference; lastKnownFileType = sourcecode.swift; path = PokemonCardErrorCell.swift; sourceTree = "<group>"; };
		8342019428965E6A00237C54 /* PokemonCardListViewControllerTest.swift */ = {isa = PBXFileReference; lastKnownFileType = sourcecode.swift; path = PokemonCardListViewControllerTest.swift; sourceTree = "<group>"; };
		8342019628966F1100237C54 /* PokemonCardListInteractorAdapterTest.swift */ = {isa = PBXFileReference; lastKnownFileType = sourcecode.swift; path = PokemonCardListInteractorAdapterTest.swift; sourceTree = "<group>"; };
		8342019928966FA200237C54 /* PokemonCardViewModel+Mock.swift */ = {isa = PBXFileReference; lastKnownFileType = sourcecode.swift; path = "PokemonCardViewModel+Mock.swift"; sourceTree = "<group>"; };
		8342019B28966FD100237C54 /* NetworkServiceSpy.swift */ = {isa = PBXFileReference; lastKnownFileType = sourcecode.swift; path = NetworkServiceSpy.swift; sourceTree = "<group>"; };
		8342019E289673DA00237C54 /* GetPokemonUseCaseTest.swift */ = {isa = PBXFileReference; lastKnownFileType = sourcecode.swift; path = GetPokemonUseCaseTest.swift; sourceTree = "<group>"; };
		834201A028967AD600237C54 /* PokemonResponse+Mock.swift */ = {isa = PBXFileReference; lastKnownFileType = sourcecode.swift; path = "PokemonResponse+Mock.swift"; sourceTree = "<group>"; };
		8363C4C42893C6E70034951A /* FooterLoadingView.swift */ = {isa = PBXFileReference; lastKnownFileType = sourcecode.swift; path = FooterLoadingView.swift; sourceTree = "<group>"; };
		83AD2F132892DBD00026240A /* PokemonResponse.swift */ = {isa = PBXFileReference; lastKnownFileType = sourcecode.swift; path = PokemonResponse.swift; sourceTree = "<group>"; };
		83AD2F1A2892DC400026240A /* GetPokemonUseCase.swift */ = {isa = PBXFileReference; lastKnownFileType = sourcecode.swift; path = GetPokemonUseCase.swift; sourceTree = "<group>"; };
		83AD2F1D2892DC600026240A /* PokemonCardCell.swift */ = {isa = PBXFileReference; lastKnownFileType = sourcecode.swift; path = PokemonCardCell.swift; sourceTree = "<group>"; };
		83AD2F242892DFDA0026240A /* PokemonCardListInteractor.swift */ = {isa = PBXFileReference; lastKnownFileType = sourcecode.swift; path = PokemonCardListInteractor.swift; sourceTree = "<group>"; };
		83AD2F262892E1A10026240A /* PokemonSkeletonCell.swift */ = {isa = PBXFileReference; lastKnownFileType = sourcecode.swift; path = PokemonSkeletonCell.swift; sourceTree = "<group>"; };
		83AD2F2A2892E7150026240A /* UIView+Shimmer.swift */ = {isa = PBXFileReference; lastKnownFileType = sourcecode.swift; path = "UIView+Shimmer.swift"; sourceTree = "<group>"; };
		83BF505C289231E400140A89 /* PokemonApp.app */ = {isa = PBXFileReference; explicitFileType = wrapper.application; includeInIndex = 0; path = PokemonApp.app; sourceTree = BUILT_PRODUCTS_DIR; };
		83BF505F289231E400140A89 /* AppDelegate.swift */ = {isa = PBXFileReference; lastKnownFileType = sourcecode.swift; path = AppDelegate.swift; sourceTree = "<group>"; };
		83BF5063289231E400140A89 /* PokemonCardListViewController.swift */ = {isa = PBXFileReference; lastKnownFileType = sourcecode.swift; path = PokemonCardListViewController.swift; sourceTree = "<group>"; };
		83BF5068289231E400140A89 /* Assets.xcassets */ = {isa = PBXFileReference; lastKnownFileType = folder.assetcatalog; path = Assets.xcassets; sourceTree = "<group>"; };
		83BF506B289231E400140A89 /* Base */ = {isa = PBXFileReference; lastKnownFileType = file.storyboard; name = Base; path = Base.lproj/LaunchScreen.storyboard; sourceTree = "<group>"; };
		83BF506D289231E400140A89 /* Info.plist */ = {isa = PBXFileReference; lastKnownFileType = text.plist.xml; path = Info.plist; sourceTree = "<group>"; };
		83BF5072289231E400140A89 /* PokemonAppTests.xctest */ = {isa = PBXFileReference; explicitFileType = wrapper.cfbundle; includeInIndex = 0; path = PokemonAppTests.xctest; sourceTree = BUILT_PRODUCTS_DIR; };
		83BF5076289231E400140A89 /* PokemonAppTests.swift */ = {isa = PBXFileReference; lastKnownFileType = sourcecode.swift; path = PokemonAppTests.swift; sourceTree = "<group>"; };
		83BF507C289231E400140A89 /* PokemonAppUITests.xctest */ = {isa = PBXFileReference; explicitFileType = wrapper.cfbundle; includeInIndex = 0; path = PokemonAppUITests.xctest; sourceTree = BUILT_PRODUCTS_DIR; };
		83BF5080289231E400140A89 /* PokemonAppUITests.swift */ = {isa = PBXFileReference; lastKnownFileType = sourcecode.swift; path = PokemonAppUITests.swift; sourceTree = "<group>"; };
		83BF5082289231E400140A89 /* PokemonAppUITestsLaunchTests.swift */ = {isa = PBXFileReference; lastKnownFileType = sourcecode.swift; path = PokemonAppUITestsLaunchTests.swift; sourceTree = "<group>"; };
		83BF5091289244F400140A89 /* UseCase.swift */ = {isa = PBXFileReference; lastKnownFileType = sourcecode.swift; path = UseCase.swift; sourceTree = "<group>"; };
		83BF50932892459300140A89 /* NetworkService.swift */ = {isa = PBXFileReference; lastKnownFileType = sourcecode.swift; path = NetworkService.swift; sourceTree = "<group>"; };
		83FD89532894FD0A00385256 /* PokemonCardDetailCell.swift */ = {isa = PBXFileReference; lastKnownFileType = sourcecode.swift; path = PokemonCardDetailCell.swift; sourceTree = "<group>"; };
		83FD89562895021900385256 /* PokemonCardDetailInteractor.swift */ = {isa = PBXFileReference; lastKnownFileType = sourcecode.swift; path = PokemonCardDetailInteractor.swift; sourceTree = "<group>"; };
		83FD895A2895060400385256 /* PokemonCardViewModel.swift */ = {isa = PBXFileReference; lastKnownFileType = sourcecode.swift; path = PokemonCardViewModel.swift; sourceTree = "<group>"; };
		83FD895D28950F5F00385256 /* PokemonCardDetailViewModel.swift */ = {isa = PBXFileReference; lastKnownFileType = sourcecode.swift; path = PokemonCardDetailViewModel.swift; sourceTree = "<group>"; };
		83FD895F2895161900385256 /* PokemonImageViewController.swift */ = {isa = PBXFileReference; lastKnownFileType = sourcecode.swift; path = PokemonImageViewController.swift; sourceTree = "<group>"; };
		83FD89612895687900385256 /* PokemonEmptyCell.swift */ = {isa = PBXFileReference; lastKnownFileType = sourcecode.swift; path = PokemonEmptyCell.swift; sourceTree = "<group>"; };
		83FD896428956C1D00385256 /* PokemonFlow.swift */ = {isa = PBXFileReference; lastKnownFileType = sourcecode.swift; path = PokemonFlow.swift; sourceTree = "<group>"; };
		83FD896628956C3600385256 /* Router.swift */ = {isa = PBXFileReference; lastKnownFileType = sourcecode.swift; path = Router.swift; sourceTree = "<group>"; };
		83FD896828956CBE00385256 /* ViewControllerFactory.swift */ = {isa = PBXFileReference; lastKnownFileType = sourcecode.swift; path = ViewControllerFactory.swift; sourceTree = "<group>"; };
/* End PBXFileReference section */

/* Begin PBXFrameworksBuildPhase section */
		83BF5059289231E400140A89 /* Frameworks */ = {
			isa = PBXFrameworksBuildPhase;
			buildActionMask = 2147483647;
			files = (
				83AD2F112892DA470026240A /* Kingfisher in Frameworks */,
			);
			runOnlyForDeploymentPostprocessing = 0;
		};
		83BF506F289231E400140A89 /* Frameworks */ = {
			isa = PBXFrameworksBuildPhase;
			buildActionMask = 2147483647;
			files = (
			);
			runOnlyForDeploymentPostprocessing = 0;
		};
		83BF5079289231E400140A89 /* Frameworks */ = {
			isa = PBXFrameworksBuildPhase;
			buildActionMask = 2147483647;
			files = (
			);
			runOnlyForDeploymentPostprocessing = 0;
		};
/* End PBXFrameworksBuildPhase section */

/* Begin PBXGroup section */
		8327E64E2894ED9200490D07 /* PokemonCardDetail */ = {
			isa = PBXGroup;
			children = (
				83FD895C28950F4E00385256 /* ViewModel */,
				83FD89552895020700385256 /* Interactor */,
				8327E64F2894ED9B00490D07 /* UI */,
			);
			path = PokemonCardDetail;
			sourceTree = "<group>";
		};
		8327E64F2894ED9B00490D07 /* UI */ = {
			isa = PBXGroup;
			children = (
				83FD89522894FCF900385256 /* UICollectionViewCell */,
				8327E6502894EDA600490D07 /* ViewController */,
			);
			path = UI;
			sourceTree = "<group>";
		};
		8327E6502894EDA600490D07 /* ViewController */ = {
			isa = PBXGroup;
			children = (
				8327E6512894EDB900490D07 /* PokemonCardDetailViewController.swift */,
				83FD895F2895161900385256 /* PokemonImageViewController.swift */,
			);
			path = ViewController;
			sourceTree = "<group>";
		};
		8342019328965E4D00237C54 /* PokemonCardList */ = {
			isa = PBXGroup;
			children = (
				8342019428965E6A00237C54 /* PokemonCardListViewControllerTest.swift */,
				8342019628966F1100237C54 /* PokemonCardListInteractorAdapterTest.swift */,
			);
			path = PokemonCardList;
			sourceTree = "<group>";
		};
		8342019828966F9100237C54 /* Helper */ = {
			isa = PBXGroup;
			children = (
				8342019928966FA200237C54 /* PokemonCardViewModel+Mock.swift */,
				8342019B28966FD100237C54 /* NetworkServiceSpy.swift */,
				834201A028967AD600237C54 /* PokemonResponse+Mock.swift */,
			);
			path = Helper;
			sourceTree = "<group>";
		};
		8342019D289673C600237C54 /* UseCase */ = {
			isa = PBXGroup;
			children = (
				8342019E289673DA00237C54 /* GetPokemonUseCaseTest.swift */,
			);
			path = UseCase;
			sourceTree = "<group>";
		};
		83AD2F122892DBC20026240A /* Domain */ = {
			isa = PBXGroup;
			children = (
				83AD2F132892DBD00026240A /* PokemonResponse.swift */,
			);
			path = Domain;
			sourceTree = "<group>";
		};
		83AD2F152892DBE70026240A /* Features */ = {
			isa = PBXGroup;
			children = (
				83FD8958289505C800385256 /* Commons */,
				8327E64E2894ED9200490D07 /* PokemonCardDetail */,
				83AD2F162892DBF20026240A /* PokemonCardList */,
			);
			path = Features;
			sourceTree = "<group>";
		};
		83AD2F162892DBF20026240A /* PokemonCardList */ = {
			isa = PBXGroup;
			children = (
				83AD2F232892DFB70026240A /* UI */,
				83AD2F222892DFA00026240A /* Interactor */,
			);
			path = PokemonCardList;
			sourceTree = "<group>";
		};
		83AD2F182892DC020026240A /* ViewController */ = {
			isa = PBXGroup;
			children = (
				83BF5063289231E400140A89 /* PokemonCardListViewController.swift */,
			);
			path = ViewController;
			sourceTree = "<group>";
		};
		83AD2F192892DC0C0026240A /* UseCase */ = {
			isa = PBXGroup;
			children = (
				83AD2F1A2892DC400026240A /* GetPokemonUseCase.swift */,
			);
			path = UseCase;
			sourceTree = "<group>";
		};
		83AD2F1C2892DC4E0026240A /* UICollectionViewCell */ = {
			isa = PBXGroup;
			children = (
				83AD2F1D2892DC600026240A /* PokemonCardCell.swift */,
				83AD2F262892E1A10026240A /* PokemonSkeletonCell.swift */,
				833C438A28937DCE00E9ABC4 /* PokemonCardErrorCell.swift */,
				83FD89612895687900385256 /* PokemonEmptyCell.swift */,
			);
			path = UICollectionViewCell;
			sourceTree = "<group>";
		};
		83AD2F222892DFA00026240A /* Interactor */ = {
			isa = PBXGroup;
			children = (
				83AD2F242892DFDA0026240A /* PokemonCardListInteractor.swift */,
			);
			path = Interactor;
			sourceTree = "<group>";
		};
		83AD2F232892DFB70026240A /* UI */ = {
			isa = PBXGroup;
			children = (
				83AD2F1C2892DC4E0026240A /* UICollectionViewCell */,
				83AD2F182892DC020026240A /* ViewController */,
			);
			path = UI;
			sourceTree = "<group>";
		};
		83AD2F292892E7020026240A /* Helper */ = {
			isa = PBXGroup;
			children = (
				83AD2F2A2892E7150026240A /* UIView+Shimmer.swift */,
				8363C4C42893C6E70034951A /* FooterLoadingView.swift */,
			);
			path = Helper;
			sourceTree = "<group>";
		};
		83BF5053289231E300140A89 = {
			isa = PBXGroup;
			children = (
				83BF505E289231E400140A89 /* PokemonApp */,
				83BF5075289231E400140A89 /* PokemonAppTests */,
				83BF507F289231E400140A89 /* PokemonAppUITests */,
				83BF505D289231E400140A89 /* Products */,
			);
			sourceTree = "<group>";
		};
		83BF505D289231E400140A89 /* Products */ = {
			isa = PBXGroup;
			children = (
				83BF505C289231E400140A89 /* PokemonApp.app */,
				83BF5072289231E400140A89 /* PokemonAppTests.xctest */,
				83BF507C289231E400140A89 /* PokemonAppUITests.xctest */,
			);
			name = Products;
			sourceTree = "<group>";
		};
		83BF505E289231E400140A89 /* PokemonApp */ = {
			isa = PBXGroup;
			children = (
				83FD896328956C0A00385256 /* Navigation */,
				83AD2F292892E7020026240A /* Helper */,
				83AD2F152892DBE70026240A /* Features */,
				83AD2F122892DBC20026240A /* Domain */,
				83BF508F289244B400140A89 /* Infrastructures */,
				83BF505F289231E400140A89 /* AppDelegate.swift */,
				83BF5068289231E400140A89 /* Assets.xcassets */,
				83BF506A289231E400140A89 /* LaunchScreen.storyboard */,
				83BF506D289231E400140A89 /* Info.plist */,
			);
			path = PokemonApp;
			sourceTree = "<group>";
		};
		83BF5075289231E400140A89 /* PokemonAppTests */ = {
			isa = PBXGroup;
			children = (
				8342019D289673C600237C54 /* UseCase */,
				8342019828966F9100237C54 /* Helper */,
				8342019328965E4D00237C54 /* PokemonCardList */,
				83BF5076289231E400140A89 /* PokemonAppTests.swift */,
			);
			path = PokemonAppTests;
			sourceTree = "<group>";
		};
		83BF507F289231E400140A89 /* PokemonAppUITests */ = {
			isa = PBXGroup;
			children = (
				83BF5080289231E400140A89 /* PokemonAppUITests.swift */,
				83BF5082289231E400140A89 /* PokemonAppUITestsLaunchTests.swift */,
			);
			path = PokemonAppUITests;
			sourceTree = "<group>";
		};
		83BF508F289244B400140A89 /* Infrastructures */ = {
			isa = PBXGroup;
			children = (
				83BF50952892459700140A89 /* UseCase */,
				83BF5090289244CD00140A89 /* NetworkService */,
			);
			path = Infrastructures;
			sourceTree = "<group>";
		};
		83BF5090289244CD00140A89 /* NetworkService */ = {
			isa = PBXGroup;
			children = (
				83BF50932892459300140A89 /* NetworkService.swift */,
			);
			path = NetworkService;
			sourceTree = "<group>";
		};
		83BF50952892459700140A89 /* UseCase */ = {
			isa = PBXGroup;
			children = (
				83BF5091289244F400140A89 /* UseCase.swift */,
			);
			path = UseCase;
			sourceTree = "<group>";
		};
		83FD89522894FCF900385256 /* UICollectionViewCell */ = {
			isa = PBXGroup;
			children = (
				83FD89532894FD0A00385256 /* PokemonCardDetailCell.swift */,
			);
			path = UICollectionViewCell;
			sourceTree = "<group>";
		};
		83FD89552895020700385256 /* Interactor */ = {
			isa = PBXGroup;
			children = (
				83FD89562895021900385256 /* PokemonCardDetailInteractor.swift */,
			);
			path = Interactor;
			sourceTree = "<group>";
		};
		83FD8958289505C800385256 /* Commons */ = {
			isa = PBXGroup;
			children = (
				83FD8959289505E600385256 /* PokemonCardViewModel */,
				83AD2F192892DC0C0026240A /* UseCase */,
			);
			path = Commons;
			sourceTree = "<group>";
		};
		83FD8959289505E600385256 /* PokemonCardViewModel */ = {
			isa = PBXGroup;
			children = (
				83FD895A2895060400385256 /* PokemonCardViewModel.swift */,
			);
			path = PokemonCardViewModel;
			sourceTree = "<group>";
		};
		83FD895C28950F4E00385256 /* ViewModel */ = {
			isa = PBXGroup;
			children = (
				83FD895D28950F5F00385256 /* PokemonCardDetailViewModel.swift */,
			);
			path = ViewModel;
			sourceTree = "<group>";
		};
		83FD896328956C0A00385256 /* Navigation */ = {
			isa = PBXGroup;
			children = (
				83FD896428956C1D00385256 /* PokemonFlow.swift */,
				83FD896628956C3600385256 /* Router.swift */,
				83FD896828956CBE00385256 /* ViewControllerFactory.swift */,
			);
			path = Navigation;
			sourceTree = "<group>";
		};
/* End PBXGroup section */

/* Begin PBXNativeTarget section */
		83BF505B289231E400140A89 /* PokemonApp */ = {
			isa = PBXNativeTarget;
			buildConfigurationList = 83BF5086289231E400140A89 /* Build configuration list for PBXNativeTarget "PokemonApp" */;
			buildPhases = (
				83BF5058289231E400140A89 /* Sources */,
				83BF5059289231E400140A89 /* Frameworks */,
				83BF505A289231E400140A89 /* Resources */,
			);
			buildRules = (
			);
			dependencies = (
			);
			name = PokemonApp;
			packageProductDependencies = (
				83AD2F102892DA470026240A /* Kingfisher */,
			);
			productName = PokemonApp;
			productReference = 83BF505C289231E400140A89 /* PokemonApp.app */;
			productType = "com.apple.product-type.application";
		};
		83BF5071289231E400140A89 /* PokemonAppTests */ = {
			isa = PBXNativeTarget;
			buildConfigurationList = 83BF5089289231E400140A89 /* Build configuration list for PBXNativeTarget "PokemonAppTests" */;
			buildPhases = (
				83BF506E289231E400140A89 /* Sources */,
				83BF506F289231E400140A89 /* Frameworks */,
				83BF5070289231E400140A89 /* Resources */,
			);
			buildRules = (
			);
			dependencies = (
				83BF5074289231E400140A89 /* PBXTargetDependency */,
			);
			name = PokemonAppTests;
			productName = PokemonAppTests;
			productReference = 83BF5072289231E400140A89 /* PokemonAppTests.xctest */;
			productType = "com.apple.product-type.bundle.unit-test";
		};
		83BF507B289231E400140A89 /* PokemonAppUITests */ = {
			isa = PBXNativeTarget;
			buildConfigurationList = 83BF508C289231E400140A89 /* Build configuration list for PBXNativeTarget "PokemonAppUITests" */;
			buildPhases = (
				83BF5078289231E400140A89 /* Sources */,
				83BF5079289231E400140A89 /* Frameworks */,
				83BF507A289231E400140A89 /* Resources */,
			);
			buildRules = (
			);
			dependencies = (
				83BF507E289231E400140A89 /* PBXTargetDependency */,
			);
			name = PokemonAppUITests;
			productName = PokemonAppUITests;
			productReference = 83BF507C289231E400140A89 /* PokemonAppUITests.xctest */;
			productType = "com.apple.product-type.bundle.ui-testing";
		};
/* End PBXNativeTarget section */

/* Begin PBXProject section */
		83BF5054289231E300140A89 /* Project object */ = {
			isa = PBXProject;
			attributes = {
				BuildIndependentTargetsInParallel = 1;
				LastSwiftUpdateCheck = 1340;
				LastUpgradeCheck = 1340;
				TargetAttributes = {
					83BF505B289231E400140A89 = {
						CreatedOnToolsVersion = 13.4.1;
					};
					83BF5071289231E400140A89 = {
						CreatedOnToolsVersion = 13.4.1;
						TestTargetID = 83BF505B289231E400140A89;
					};
					83BF507B289231E400140A89 = {
						CreatedOnToolsVersion = 13.4.1;
						TestTargetID = 83BF505B289231E400140A89;
					};
				};
			};
			buildConfigurationList = 83BF5057289231E300140A89 /* Build configuration list for PBXProject "PokemonApp" */;
			compatibilityVersion = "Xcode 13.0";
			developmentRegion = en;
			hasScannedForEncodings = 0;
			knownRegions = (
				en,
				Base,
			);
			mainGroup = 83BF5053289231E300140A89;
			packageReferences = (
				83AD2F0F2892DA470026240A /* XCRemoteSwiftPackageReference "Kingfisher" */,
			);
			productRefGroup = 83BF505D289231E400140A89 /* Products */;
			projectDirPath = "";
			projectRoot = "";
			targets = (
				83BF505B289231E400140A89 /* PokemonApp */,
				83BF5071289231E400140A89 /* PokemonAppTests */,
				83BF507B289231E400140A89 /* PokemonAppUITests */,
			);
		};
/* End PBXProject section */

/* Begin PBXResourcesBuildPhase section */
		83BF505A289231E400140A89 /* Resources */ = {
			isa = PBXResourcesBuildPhase;
			buildActionMask = 2147483647;
			files = (
				83BF506C289231E400140A89 /* LaunchScreen.storyboard in Resources */,
				83BF5069289231E400140A89 /* Assets.xcassets in Resources */,
			);
			runOnlyForDeploymentPostprocessing = 0;
		};
		83BF5070289231E400140A89 /* Resources */ = {
			isa = PBXResourcesBuildPhase;
			buildActionMask = 2147483647;
			files = (
			);
			runOnlyForDeploymentPostprocessing = 0;
		};
		83BF507A289231E400140A89 /* Resources */ = {
			isa = PBXResourcesBuildPhase;
			buildActionMask = 2147483647;
			files = (
			);
			runOnlyForDeploymentPostprocessing = 0;
		};
/* End PBXResourcesBuildPhase section */

/* Begin PBXSourcesBuildPhase section */
		83BF5058289231E400140A89 /* Sources */ = {
			isa = PBXSourcesBuildPhase;
			buildActionMask = 2147483647;
			files = (
				83FD89602895161900385256 /* PokemonImageViewController.swift in Sources */,
				83AD2F2B2892E7150026240A /* UIView+Shimmer.swift in Sources */,
				83AD2F272892E1A10026240A /* PokemonSkeletonCell.swift in Sources */,
				8363C4C52893C6E70034951A /* FooterLoadingView.swift in Sources */,
				83FD89572895021900385256 /* PokemonCardDetailInteractor.swift in Sources */,
				83FD896528956C1D00385256 /* PokemonFlow.swift in Sources */,
				83FD895B2895060400385256 /* PokemonCardViewModel.swift in Sources */,
				83BF5092289244F400140A89 /* UseCase.swift in Sources */,
				83FD895E28950F5F00385256 /* PokemonCardDetailViewModel.swift in Sources */,
				83BF5064289231E400140A89 /* PokemonCardListViewController.swift in Sources */,
				83FD896728956C3700385256 /* Router.swift in Sources */,
				83AD2F1B2892DC400026240A /* GetPokemonUseCase.swift in Sources */,
				833C438B28937DCE00E9ABC4 /* PokemonCardErrorCell.swift in Sources */,
				83BF50942892459300140A89 /* NetworkService.swift in Sources */,
				83AD2F252892DFDA0026240A /* PokemonCardListInteractor.swift in Sources */,
				83AD2F1E2892DC600026240A /* PokemonCardCell.swift in Sources */,
				83AD2F142892DBD00026240A /* PokemonResponse.swift in Sources */,
				8327E6522894EDB900490D07 /* PokemonCardDetailViewController.swift in Sources */,
				83FD89622895687900385256 /* PokemonEmptyCell.swift in Sources */,
				83FD89542894FD0A00385256 /* PokemonCardDetailCell.swift in Sources */,
				83BF5060289231E400140A89 /* AppDelegate.swift in Sources */,
				83FD896928956CBE00385256 /* ViewControllerFactory.swift in Sources */,
			);
			runOnlyForDeploymentPostprocessing = 0;
		};
		83BF506E289231E400140A89 /* Sources */ = {
			isa = PBXSourcesBuildPhase;
			buildActionMask = 2147483647;
			files = (
				8342019728966F1100237C54 /* PokemonCardListInteractorAdapterTest.swift in Sources */,
				8342019528965E6A00237C54 /* PokemonCardListViewControllerTest.swift in Sources */,
				8342019F289673DA00237C54 /* GetPokemonUseCaseTest.swift in Sources */,
				8342019A28966FA200237C54 /* PokemonCardViewModel+Mock.swift in Sources */,
				834201A128967AD600237C54 /* PokemonResponse+Mock.swift in Sources */,
				83BF5077289231E400140A89 /* PokemonAppTests.swift in Sources */,
				8342019C28966FD100237C54 /* NetworkServiceSpy.swift in Sources */,
			);
			runOnlyForDeploymentPostprocessing = 0;
		};
		83BF5078289231E400140A89 /* Sources */ = {
			isa = PBXSourcesBuildPhase;
			buildActionMask = 2147483647;
			files = (
				83BF5083289231E400140A89 /* PokemonAppUITestsLaunchTests.swift in Sources */,
				83BF5081289231E400140A89 /* PokemonAppUITests.swift in Sources */,
			);
			runOnlyForDeploymentPostprocessing = 0;
		};
/* End PBXSourcesBuildPhase section */

/* Begin PBXTargetDependency section */
		83BF5074289231E400140A89 /* PBXTargetDependency */ = {
			isa = PBXTargetDependency;
			target = 83BF505B289231E400140A89 /* PokemonApp */;
			targetProxy = 83BF5073289231E400140A89 /* PBXContainerItemProxy */;
		};
		83BF507E289231E400140A89 /* PBXTargetDependency */ = {
			isa = PBXTargetDependency;
			target = 83BF505B289231E400140A89 /* PokemonApp */;
			targetProxy = 83BF507D289231E400140A89 /* PBXContainerItemProxy */;
		};
/* End PBXTargetDependency section */

/* Begin PBXVariantGroup section */
		83BF506A289231E400140A89 /* LaunchScreen.storyboard */ = {
			isa = PBXVariantGroup;
			children = (
				83BF506B289231E400140A89 /* Base */,
			);
			name = LaunchScreen.storyboard;
			sourceTree = "<group>";
		};
/* End PBXVariantGroup section */

/* Begin XCBuildConfiguration section */
		83BF5084289231E400140A89 /* Debug */ = {
			isa = XCBuildConfiguration;
			buildSettings = {
				ALWAYS_SEARCH_USER_PATHS = NO;
				CLANG_ANALYZER_NONNULL = YES;
				CLANG_ANALYZER_NUMBER_OBJECT_CONVERSION = YES_AGGRESSIVE;
				CLANG_CXX_LANGUAGE_STANDARD = "gnu++17";
				CLANG_ENABLE_MODULES = YES;
				CLANG_ENABLE_OBJC_ARC = YES;
				CLANG_ENABLE_OBJC_WEAK = YES;
				CLANG_WARN_BLOCK_CAPTURE_AUTORELEASING = YES;
				CLANG_WARN_BOOL_CONVERSION = YES;
				CLANG_WARN_COMMA = YES;
				CLANG_WARN_CONSTANT_CONVERSION = YES;
				CLANG_WARN_DEPRECATED_OBJC_IMPLEMENTATIONS = YES;
				CLANG_WARN_DIRECT_OBJC_ISA_USAGE = YES_ERROR;
				CLANG_WARN_DOCUMENTATION_COMMENTS = YES;
				CLANG_WARN_EMPTY_BODY = YES;
				CLANG_WARN_ENUM_CONVERSION = YES;
				CLANG_WARN_INFINITE_RECURSION = YES;
				CLANG_WARN_INT_CONVERSION = YES;
				CLANG_WARN_NON_LITERAL_NULL_CONVERSION = YES;
				CLANG_WARN_OBJC_IMPLICIT_RETAIN_SELF = YES;
				CLANG_WARN_OBJC_LITERAL_CONVERSION = YES;
				CLANG_WARN_OBJC_ROOT_CLASS = YES_ERROR;
				CLANG_WARN_QUOTED_INCLUDE_IN_FRAMEWORK_HEADER = YES;
				CLANG_WARN_RANGE_LOOP_ANALYSIS = YES;
				CLANG_WARN_STRICT_PROTOTYPES = YES;
				CLANG_WARN_SUSPICIOUS_MOVE = YES;
				CLANG_WARN_UNGUARDED_AVAILABILITY = YES_AGGRESSIVE;
				CLANG_WARN_UNREACHABLE_CODE = YES;
				CLANG_WARN__DUPLICATE_METHOD_MATCH = YES;
				COPY_PHASE_STRIP = NO;
				DEBUG_INFORMATION_FORMAT = dwarf;
				ENABLE_STRICT_OBJC_MSGSEND = YES;
				ENABLE_TESTABILITY = YES;
				GCC_C_LANGUAGE_STANDARD = gnu11;
				GCC_DYNAMIC_NO_PIC = NO;
				GCC_NO_COMMON_BLOCKS = YES;
				GCC_OPTIMIZATION_LEVEL = 0;
				GCC_PREPROCESSOR_DEFINITIONS = (
					"DEBUG=1",
					"$(inherited)",
				);
				GCC_WARN_64_TO_32_BIT_CONVERSION = YES;
				GCC_WARN_ABOUT_RETURN_TYPE = YES_ERROR;
				GCC_WARN_UNDECLARED_SELECTOR = YES;
				GCC_WARN_UNINITIALIZED_AUTOS = YES_AGGRESSIVE;
				GCC_WARN_UNUSED_FUNCTION = YES;
				GCC_WARN_UNUSED_VARIABLE = YES;
				IPHONEOS_DEPLOYMENT_TARGET = 12.1;
				MTL_ENABLE_DEBUG_INFO = INCLUDE_SOURCE;
				MTL_FAST_MATH = YES;
				ONLY_ACTIVE_ARCH = YES;
				SDKROOT = iphoneos;
				SWIFT_ACTIVE_COMPILATION_CONDITIONS = DEBUG;
				SWIFT_OPTIMIZATION_LEVEL = "-Onone";
			};
			name = Debug;
		};
		83BF5085289231E400140A89 /* Release */ = {
			isa = XCBuildConfiguration;
			buildSettings = {
				ALWAYS_SEARCH_USER_PATHS = NO;
				CLANG_ANALYZER_NONNULL = YES;
				CLANG_ANALYZER_NUMBER_OBJECT_CONVERSION = YES_AGGRESSIVE;
				CLANG_CXX_LANGUAGE_STANDARD = "gnu++17";
				CLANG_ENABLE_MODULES = YES;
				CLANG_ENABLE_OBJC_ARC = YES;
				CLANG_ENABLE_OBJC_WEAK = YES;
				CLANG_WARN_BLOCK_CAPTURE_AUTORELEASING = YES;
				CLANG_WARN_BOOL_CONVERSION = YES;
				CLANG_WARN_COMMA = YES;
				CLANG_WARN_CONSTANT_CONVERSION = YES;
				CLANG_WARN_DEPRECATED_OBJC_IMPLEMENTATIONS = YES;
				CLANG_WARN_DIRECT_OBJC_ISA_USAGE = YES_ERROR;
				CLANG_WARN_DOCUMENTATION_COMMENTS = YES;
				CLANG_WARN_EMPTY_BODY = YES;
				CLANG_WARN_ENUM_CONVERSION = YES;
				CLANG_WARN_INFINITE_RECURSION = YES;
				CLANG_WARN_INT_CONVERSION = YES;
				CLANG_WARN_NON_LITERAL_NULL_CONVERSION = YES;
				CLANG_WARN_OBJC_IMPLICIT_RETAIN_SELF = YES;
				CLANG_WARN_OBJC_LITERAL_CONVERSION = YES;
				CLANG_WARN_OBJC_ROOT_CLASS = YES_ERROR;
				CLANG_WARN_QUOTED_INCLUDE_IN_FRAMEWORK_HEADER = YES;
				CLANG_WARN_RANGE_LOOP_ANALYSIS = YES;
				CLANG_WARN_STRICT_PROTOTYPES = YES;
				CLANG_WARN_SUSPICIOUS_MOVE = YES;
				CLANG_WARN_UNGUARDED_AVAILABILITY = YES_AGGRESSIVE;
				CLANG_WARN_UNREACHABLE_CODE = YES;
				CLANG_WARN__DUPLICATE_METHOD_MATCH = YES;
				COPY_PHASE_STRIP = NO;
				DEBUG_INFORMATION_FORMAT = "dwarf-with-dsym";
				ENABLE_NS_ASSERTIONS = NO;
				ENABLE_STRICT_OBJC_MSGSEND = YES;
				GCC_C_LANGUAGE_STANDARD = gnu11;
				GCC_NO_COMMON_BLOCKS = YES;
				GCC_WARN_64_TO_32_BIT_CONVERSION = YES;
				GCC_WARN_ABOUT_RETURN_TYPE = YES_ERROR;
				GCC_WARN_UNDECLARED_SELECTOR = YES;
				GCC_WARN_UNINITIALIZED_AUTOS = YES_AGGRESSIVE;
				GCC_WARN_UNUSED_FUNCTION = YES;
				GCC_WARN_UNUSED_VARIABLE = YES;
				IPHONEOS_DEPLOYMENT_TARGET = 12.1;
				MTL_ENABLE_DEBUG_INFO = NO;
				MTL_FAST_MATH = YES;
				SDKROOT = iphoneos;
				SWIFT_COMPILATION_MODE = wholemodule;
				SWIFT_OPTIMIZATION_LEVEL = "-O";
				VALIDATE_PRODUCT = YES;
			};
			name = Release;
		};
		83BF5087289231E400140A89 /* Debug */ = {
			isa = XCBuildConfiguration;
			buildSettings = {
				ASSETCATALOG_COMPILER_APPICON_NAME = AppIcon;
				ASSETCATALOG_COMPILER_GLOBAL_ACCENT_COLOR_NAME = AccentColor;
				CODE_SIGN_STYLE = Automatic;
				CURRENT_PROJECT_VERSION = 1;
				DEVELOPMENT_TEAM = 66B8DPX244;
				GENERATE_INFOPLIST_FILE = YES;
				INFOPLIST_FILE = PokemonApp/Info.plist;
				INFOPLIST_KEY_UIApplicationSupportsIndirectInputEvents = YES;
				INFOPLIST_KEY_UILaunchStoryboardName = LaunchScreen;
				INFOPLIST_KEY_UISupportedInterfaceOrientations_iPad = "UIInterfaceOrientationPortrait UIInterfaceOrientationPortraitUpsideDown UIInterfaceOrientationLandscapeLeft UIInterfaceOrientationLandscapeRight";
				INFOPLIST_KEY_UISupportedInterfaceOrientations_iPhone = "UIInterfaceOrientationPortrait UIInterfaceOrientationLandscapeLeft UIInterfaceOrientationLandscapeRight";
				LD_RUNPATH_SEARCH_PATHS = (
					"$(inherited)",
					"@executable_path/Frameworks",
				);
				MARKETING_VERSION = 1.0;
				PRODUCT_BUNDLE_IDENTIFIER = com.tifoaudi.PokemonApp;
				PRODUCT_NAME = "$(TARGET_NAME)";
				SWIFT_EMIT_LOC_STRINGS = YES;
				SWIFT_VERSION = 5.0;
				TARGETED_DEVICE_FAMILY = "1,2";
			};
			name = Debug;
		};
		83BF5088289231E400140A89 /* Release */ = {
			isa = XCBuildConfiguration;
			buildSettings = {
				ASSETCATALOG_COMPILER_APPICON_NAME = AppIcon;
				ASSETCATALOG_COMPILER_GLOBAL_ACCENT_COLOR_NAME = AccentColor;
				CODE_SIGN_STYLE = Automatic;
				CURRENT_PROJECT_VERSION = 1;
				DEVELOPMENT_TEAM = 66B8DPX244;
				GENERATE_INFOPLIST_FILE = YES;
				INFOPLIST_FILE = PokemonApp/Info.plist;
				INFOPLIST_KEY_UIApplicationSupportsIndirectInputEvents = YES;
				INFOPLIST_KEY_UILaunchStoryboardName = LaunchScreen;
				INFOPLIST_KEY_UISupportedInterfaceOrientations_iPad = "UIInterfaceOrientationPortrait UIInterfaceOrientationPortraitUpsideDown UIInterfaceOrientationLandscapeLeft UIInterfaceOrientationLandscapeRight";
				INFOPLIST_KEY_UISupportedInterfaceOrientations_iPhone = "UIInterfaceOrientationPortrait UIInterfaceOrientationLandscapeLeft UIInterfaceOrientationLandscapeRight";
				LD_RUNPATH_SEARCH_PATHS = (
					"$(inherited)",
					"@executable_path/Frameworks",
				);
				MARKETING_VERSION = 1.0;
				PRODUCT_BUNDLE_IDENTIFIER = com.tifoaudi.PokemonApp;
				PRODUCT_NAME = "$(TARGET_NAME)";
				SWIFT_EMIT_LOC_STRINGS = YES;
				SWIFT_VERSION = 5.0;
				TARGETED_DEVICE_FAMILY = "1,2";
			};
			name = Release;
		};
		83BF508A289231E400140A89 /* Debug */ = {
			isa = XCBuildConfiguration;
			buildSettings = {
				ALWAYS_EMBED_SWIFT_STANDARD_LIBRARIES = YES;
				BUNDLE_LOADER = "$(TEST_HOST)";
				CODE_SIGN_STYLE = Automatic;
				CURRENT_PROJECT_VERSION = 1;
				DEVELOPMENT_TEAM = 66B8DPX244;
				GENERATE_INFOPLIST_FILE = YES;
				IPHONEOS_DEPLOYMENT_TARGET = 15.5;
				MARKETING_VERSION = 1.0;
				PRODUCT_BUNDLE_IDENTIFIER = com.tifoaudi.PokemonAppTests;
				PRODUCT_NAME = "$(TARGET_NAME)";
				SWIFT_EMIT_LOC_STRINGS = NO;
				SWIFT_VERSION = 5.0;
				TARGETED_DEVICE_FAMILY = "1,2";
				TEST_HOST = "$(BUILT_PRODUCTS_DIR)/PokemonApp.app/PokemonApp";
			};
			name = Debug;
		};
		83BF508B289231E400140A89 /* Release */ = {
			isa = XCBuildConfiguration;
			buildSettings = {
				ALWAYS_EMBED_SWIFT_STANDARD_LIBRARIES = YES;
				BUNDLE_LOADER = "$(TEST_HOST)";
				CODE_SIGN_STYLE = Automatic;
				CURRENT_PROJECT_VERSION = 1;
				DEVELOPMENT_TEAM = 66B8DPX244;
				GENERATE_INFOPLIST_FILE = YES;
				IPHONEOS_DEPLOYMENT_TARGET = 15.5;
				MARKETING_VERSION = 1.0;
				PRODUCT_BUNDLE_IDENTIFIER = com.tifoaudi.PokemonAppTests;
				PRODUCT_NAME = "$(TARGET_NAME)";
				SWIFT_EMIT_LOC_STRINGS = NO;
				SWIFT_VERSION = 5.0;
				TARGETED_DEVICE_FAMILY = "1,2";
				TEST_HOST = "$(BUILT_PRODUCTS_DIR)/PokemonApp.app/PokemonApp";
			};
			name = Release;
		};
		83BF508D289231E400140A89 /* Debug */ = {
			isa = XCBuildConfiguration;
			buildSettings = {
				ALWAYS_EMBED_SWIFT_STANDARD_LIBRARIES = YES;
				CODE_SIGN_STYLE = Automatic;
				CURRENT_PROJECT_VERSION = 1;
				DEVELOPMENT_TEAM = 66B8DPX244;
				GENERATE_INFOPLIST_FILE = YES;
				MARKETING_VERSION = 1.0;
				PRODUCT_BUNDLE_IDENTIFIER = com.tifoaudi.PokemonAppUITests;
				PRODUCT_NAME = "$(TARGET_NAME)";
				SWIFT_EMIT_LOC_STRINGS = NO;
				SWIFT_VERSION = 5.0;
				TARGETED_DEVICE_FAMILY = "1,2";
				TEST_TARGET_NAME = PokemonApp;
			};
			name = Debug;
		};
		83BF508E289231E400140A89 /* Release */ = {
			isa = XCBuildConfiguration;
			buildSettings = {
				ALWAYS_EMBED_SWIFT_STANDARD_LIBRARIES = YES;
				CODE_SIGN_STYLE = Automatic;
				CURRENT_PROJECT_VERSION = 1;
				DEVELOPMENT_TEAM = 66B8DPX244;
				GENERATE_INFOPLIST_FILE = YES;
				MARKETING_VERSION = 1.0;
				PRODUCT_BUNDLE_IDENTIFIER = com.tifoaudi.PokemonAppUITests;
				PRODUCT_NAME = "$(TARGET_NAME)";
				SWIFT_EMIT_LOC_STRINGS = NO;
				SWIFT_VERSION = 5.0;
				TARGETED_DEVICE_FAMILY = "1,2";
				TEST_TARGET_NAME = PokemonApp;
			};
			name = Release;
		};
/* End XCBuildConfiguration section */

/* Begin XCConfigurationList section */
		83BF5057289231E300140A89 /* Build configuration list for PBXProject "PokemonApp" */ = {
			isa = XCConfigurationList;
			buildConfigurations = (
				83BF5084289231E400140A89 /* Debug */,
				83BF5085289231E400140A89 /* Release */,
			);
			defaultConfigurationIsVisible = 0;
			defaultConfigurationName = Release;
		};
		83BF5086289231E400140A89 /* Build configuration list for PBXNativeTarget "PokemonApp" */ = {
			isa = XCConfigurationList;
			buildConfigurations = (
				83BF5087289231E400140A89 /* Debug */,
				83BF5088289231E400140A89 /* Release */,
			);
			defaultConfigurationIsVisible = 0;
			defaultConfigurationName = Release;
		};
		83BF5089289231E400140A89 /* Build configuration list for PBXNativeTarget "PokemonAppTests" */ = {
			isa = XCConfigurationList;
			buildConfigurations = (
				83BF508A289231E400140A89 /* Debug */,
				83BF508B289231E400140A89 /* Release */,
			);
			defaultConfigurationIsVisible = 0;
			defaultConfigurationName = Release;
		};
		83BF508C289231E400140A89 /* Build configuration list for PBXNativeTarget "PokemonAppUITests" */ = {
			isa = XCConfigurationList;
			buildConfigurations = (
				83BF508D289231E400140A89 /* Debug */,
				83BF508E289231E400140A89 /* Release */,
			);
			defaultConfigurationIsVisible = 0;
			defaultConfigurationName = Release;
		};
/* End XCConfigurationList section */

/* Begin XCRemoteSwiftPackageReference section */
		83AD2F0F2892DA470026240A /* XCRemoteSwiftPackageReference "Kingfisher" */ = {
			isa = XCRemoteSwiftPackageReference;
			repositoryURL = "https://github.com/onevcat/Kingfisher";
			requirement = {
				kind = upToNextMajorVersion;
				minimumVersion = 7.0.0;
			};
		};
/* End XCRemoteSwiftPackageReference section */

/* Begin XCSwiftPackageProductDependency section */
		83AD2F102892DA470026240A /* Kingfisher */ = {
			isa = XCSwiftPackageProductDependency;
			package = 83AD2F0F2892DA470026240A /* XCRemoteSwiftPackageReference "Kingfisher" */;
			productName = Kingfisher;
		};
/* End XCSwiftPackageProductDependency section */
	};
	rootObject = 83BF5054289231E300140A89 /* Project object */;
}
